// !$*UTF8*$!
{
	archiveVersion = 1;
	classes = {
	};
	objectVersion = 46;
	objects = {

/* Begin PBXBuildFile section */
		D91AF47B1DFEAF10001A727A /* AppDelegate.swift in Sources */ = {isa = PBXBuildFile; fileRef = D91AF47A1DFEAF10001A727A /* AppDelegate.swift */; };
		D91AF47D1DFEAF10001A727A /* ViewController.swift in Sources */ = {isa = PBXBuildFile; fileRef = D91AF47C1DFEAF10001A727A /* ViewController.swift */; };
		D91AF4801DFEAF10001A727A /* Main.storyboard in Resources */ = {isa = PBXBuildFile; fileRef = D91AF47E1DFEAF10001A727A /* Main.storyboard */; };
		D91AF4821DFEAF10001A727A /* Assets.xcassets in Resources */ = {isa = PBXBuildFile; fileRef = D91AF4811DFEAF10001A727A /* Assets.xcassets */; };
		D91AF4851DFEAF10001A727A /* LaunchScreen.storyboard in Resources */ = {isa = PBXBuildFile; fileRef = D91AF4831DFEAF10001A727A /* LaunchScreen.storyboard */; };
		D91AF4D21DFEC6DA001A727A /* 001.html in Resources */ = {isa = PBXBuildFile; fileRef = D91AF4CB1DFEC6DA001A727A /* 001.html */; };
		D91AF4D61DFEDFF7001A727A /* done.html in Resources */ = {isa = PBXBuildFile; fileRef = D91AF4D51DFEDFF7001A727A /* done.html */; };
/* End PBXBuildFile section */

/* Begin PBXFileReference section */
		D91AF4771DFEAF10001A727A /* screenescape.app */ = {isa = PBXFileReference; explicitFileType = wrapper.application; includeInIndex = 0; path = screenescape.app; sourceTree = BUILT_PRODUCTS_DIR; };
		D91AF47A1DFEAF10001A727A /* AppDelegate.swift */ = {isa = PBXFileReference; lastKnownFileType = sourcecode.swift; path = AppDelegate.swift; sourceTree = "<group>"; };
		D91AF47C1DFEAF10001A727A /* ViewController.swift */ = {isa = PBXFileReference; lastKnownFileType = sourcecode.swift; path = ViewController.swift; sourceTree = "<group>"; };
		D91AF47F1DFEAF10001A727A /* Base */ = {isa = PBXFileReference; lastKnownFileType = file.storyboard; name = Base; path = Base.lproj/Main.storyboard; sourceTree = "<group>"; };
		D91AF4811DFEAF10001A727A /* Assets.xcassets */ = {isa = PBXFileReference; lastKnownFileType = folder.assetcatalog; path = Assets.xcassets; sourceTree = "<group>"; };
		D91AF4841DFEAF10001A727A /* Base */ = {isa = PBXFileReference; lastKnownFileType = file.storyboard; name = Base; path = Base.lproj/LaunchScreen.storyboard; sourceTree = "<group>"; };
		D91AF4861DFEAF10001A727A /* Info.plist */ = {isa = PBXFileReference; lastKnownFileType = text.plist.xml; path = Info.plist; sourceTree = "<group>"; };
		D91AF4CB1DFEC6DA001A727A /* 001.html */ = {isa = PBXFileReference; fileEncoding = 4; lastKnownFileType = text.html; path = 001.html; sourceTree = "<group>"; };
		D91AF4D51DFEDFF7001A727A /* done.html */ = {isa = PBXFileReference; fileEncoding = 4; lastKnownFileType = text.html; path = done.html; sourceTree = "<group>"; };
/* End PBXFileReference section */

/* Begin PBXFrameworksBuildPhase section */
		D91AF4741DFEAF10001A727A /* Frameworks */ = {
			isa = PBXFrameworksBuildPhase;
			buildActionMask = 2147483647;
			files = (
			);
			runOnlyForDeploymentPostprocessing = 0;
		};
/* End PBXFrameworksBuildPhase section */

/* Begin PBXGroup section */
		D91AF46E1DFEAF10001A727A = {
			isa = PBXGroup;
			children = (
				D91AF4C31DFEC6DA001A727A /* levels */,
				D91AF4791DFEAF10001A727A /* screenescape */,
				D91AF4781DFEAF10001A727A /* Products */,
			);
			sourceTree = "<group>";
		};
		D91AF4781DFEAF10001A727A /* Products */ = {
			isa = PBXGroup;
			children = (
				D91AF4771DFEAF10001A727A /* screenescape.app */,
			);
			name = Products;
			sourceTree = "<group>";
		};
		D91AF4791DFEAF10001A727A /* screenescape */ = {
			isa = PBXGroup;
			children = (
				D91AF47A1DFEAF10001A727A /* AppDelegate.swift */,
				D91AF47C1DFEAF10001A727A /* ViewController.swift */,
				D91AF47E1DFEAF10001A727A /* Main.storyboard */,
				D91AF4811DFEAF10001A727A /* Assets.xcassets */,
				D91AF4831DFEAF10001A727A /* LaunchScreen.storyboard */,
				D91AF4861DFEAF10001A727A /* Info.plist */,
			);
			path = screenescape;
			sourceTree = "<group>";
		};
		D91AF4C31DFEC6DA001A727A /* levels */ = {
			isa = PBXGroup;
			children = (
				D91AF4D51DFEDFF7001A727A /* done.html */,
				D91AF4CB1DFEC6DA001A727A /* 001.html */,
			);
			path = levels;
			sourceTree = "<group>";
		};
/* End PBXGroup section */

/* Begin PBXNativeTarget section */
		D91AF4761DFEAF10001A727A /* screenescape */ = {
			isa = PBXNativeTarget;
			buildConfigurationList = D91AF4891DFEAF10001A727A /* Build configuration list for PBXNativeTarget "screenescape" */;
			buildPhases = (
				D91AF4731DFEAF10001A727A /* Sources */,
				D91AF4741DFEAF10001A727A /* Frameworks */,
				D91AF4751DFEAF10001A727A /* Resources */,
			);
			buildRules = (
			);
			dependencies = (
			);
			name = screenescape;
			productName = screenescape;
			productReference = D91AF4771DFEAF10001A727A /* screenescape.app */;
			productType = "com.apple.product-type.application";
		};
/* End PBXNativeTarget section */

/* Begin PBXProject section */
		D91AF46F1DFEAF10001A727A /* Project object */ = {
			isa = PBXProject;
			attributes = {
				LastSwiftUpdateCheck = 0730;
				LastUpgradeCheck = 0730;
				ORGANIZATIONNAME = "Douwe Osinga";
				TargetAttributes = {
					D91AF4761DFEAF10001A727A = {
						CreatedOnToolsVersion = 7.3.1;
					};
				};
			};
			buildConfigurationList = D91AF4721DFEAF10001A727A /* Build configuration list for PBXProject "screenescape" */;
			compatibilityVersion = "Xcode 3.2";
			developmentRegion = English;
			hasScannedForEncodings = 0;
			knownRegions = (
				en,
				Base,
			);
			mainGroup = D91AF46E1DFEAF10001A727A;
			productRefGroup = D91AF4781DFEAF10001A727A /* Products */;
			projectDirPath = "";
			projectRoot = "";
			targets = (
				D91AF4761DFEAF10001A727A /* screenescape */,
			);
		};
/* End PBXProject section */

/* Begin PBXResourcesBuildPhase section */
		D91AF4751DFEAF10001A727A /* Resources */ = {
			isa = PBXResourcesBuildPhase;
			buildActionMask = 2147483647;
			files = (
				D91AF4851DFEAF10001A727A /* LaunchScreen.storyboard in Resources */,
				D91AF4821DFEAF10001A727A /* Assets.xcassets in Resources */,
				D91AF4801DFEAF10001A727A /* Main.storyboard in Resources */,
				D91AF4D21DFEC6DA001A727A /* 001.html in Resources */,
				D91AF4D61DFEDFF7001A727A /* done.html in Resources */,
			);
			runOnlyForDeploymentPostprocessing = 0;
		};
/* End PBXResourcesBuildPhase section */

/* Begin PBXSourcesBuildPhase section */
		D91AF4731DFEAF10001A727A /* Sources */ = {
			isa = PBXSourcesBuildPhase;
			buildActionMask = 2147483647;
			files = (
				D91AF47D1DFEAF10001A727A /* ViewController.swift in Sources */,
				D91AF47B1DFEAF10001A727A /* AppDelegate.swift in Sources */,
			);
			runOnlyForDeploymentPostprocessing = 0;
		};
/* End PBXSourcesBuildPhase section */

/* Begin PBXVariantGroup section */
		D91AF47E1DFEAF10001A727A /* Main.storyboard */ = {
			isa = PBXVariantGroup;
			children = (
				D91AF47F1DFEAF10001A727A /* Base */,
			);
			name = Main.storyboard;
			sourceTree = "<group>";
		};
		D91AF4831DFEAF10001A727A /* LaunchScreen.storyboard */ = {
			isa = PBXVariantGroup;
			children = (
				D91AF4841DFEAF10001A727A /* Base */,
			);
			name = LaunchScreen.storyboard;
			sourceTree = "<group>";
		};
/* End PBXVariantGroup section */

/* Begin XCBuildConfiguration section */
		D91AF4871DFEAF10001A727A /* Debug */ = {
			isa = XCBuildConfiguration;
			buildSettings = {
				ALWAYS_SEARCH_USER_PATHS = NO;
				CLANG_ANALYZER_NONNULL = YES;
				CLANG_CXX_LANGUAGE_STANDARD = "gnu++0x";
				CLANG_CXX_LIBRARY = "libc++";
				CLANG_ENABLE_MODULES = YES;
				CLANG_ENABLE_OBJC_ARC = YES;
				CLANG_WARN_BOOL_CONVERSION = YES;
				CLANG_WARN_CONSTANT_CONVERSION = YES;
				CLANG_WARN_DIRECT_OBJC_ISA_USAGE = YES_ERROR;
				CLANG_WARN_EMPTY_BODY = YES;
				CLANG_WARN_ENUM_CONVERSION = YES;
				CLANG_WARN_INT_CONVERSION = YES;
				CLANG_WARN_OBJC_ROOT_CLASS = YES_ERROR;
				CLANG_WARN_UNREACHABLE_CODE = YES;
				CLANG_WARN__DUPLICATE_METHOD_MATCH = YES;
				"CODE_SIGN_IDENTITY[sdk=iphoneos*]" = "iPhone Developer";
				COPY_PHASE_STRIP = NO;
				DEBUG_INFORMATION_FORMAT = dwarf;
				ENABLE_STRICT_OBJC_MSGSEND = YES;
				ENABLE_TESTABILITY = YES;
				GCC_C_LANGUAGE_STANDARD = gnu99;
				GCC_DYNAMIC_NO_PIC = NO;
				GCC_NO_COMMON_BLOCKS = YES;
				GCC_OPTIMIZATION_LEVEL = 0;
				GCC_PREPROCESSOR_DEFINITIONS = (
					"DEBUG=1",
					"$(inherited)",
				);
				GCC_WARN_64_TO_32_BIT_CONVERSION = YES;
				GCC_WARN_ABOUT_RETURN_TYPE = YES_ERROR;
				GCC_WARN_UNDECLARED_SELECTOR = YES;
				GCC_WARN_UNINITIALIZED_AUTOS = YES_AGGRESSIVE;
				GCC_WARN_UNUSED_FUNCTION = YES;
				GCC_WARN_UNUSED_VARIABLE = YES;
				IPHONEOS_DEPLOYMENT_TARGET = 9.3;
				MTL_ENABLE_DEBUG_INFO = YES;
				ONLY_ACTIVE_ARCH = YES;
				SDKROOT = iphoneos;
				SWIFT_OPTIMIZATION_LEVEL = "-Onone";
				TARGETED_DEVICE_FAMILY = "1,2";
			};
			name = Debug;
		};
		D91AF4881DFEAF10001A727A /* Release */ = {
			isa = XCBuildConfiguration;
			buildSettings = {
				ALWAYS_SEARCH_USER_PATHS = NO;
				CLANG_ANALYZER_NONNULL = YES;
				CLANG_CXX_LANGUAGE_STANDARD = "gnu++0x";
				CLANG_CXX_LIBRARY = "libc++";
				CLANG_ENABLE_MODULES = YES;
				CLANG_ENABLE_OBJC_ARC = YES;
				CLANG_WARN_BOOL_CONVERSION = YES;
				CLANG_WARN_CONSTANT_CONVERSION = YES;
				CLANG_WARN_DIRECT_OBJC_ISA_USAGE = YES_ERROR;
				CLANG_WARN_EMPTY_BODY = YES;
				CLANG_WARN_ENUM_CONVERSION = YES;
				CLANG_WARN_INT_CONVERSION = YES;
				CLANG_WARN_OBJC_ROOT_CLASS = YES_ERROR;
				CLANG_WARN_UNREACHABLE_CODE = YES;
				CLANG_WARN__DUPLICATE_METHOD_MATCH = YES;
				"CODE_SIGN_IDENTITY[sdk=iphoneos*]" = "iPhone Developer";
				COPY_PHASE_STRIP = NO;
				DEBUG_INFORMATION_FORMAT = "dwarf-with-dsym";
				ENABLE_NS_ASSERTIONS = NO;
				ENABLE_STRICT_OBJC_MSGSEND = YES;
				GCC_C_LANGUAGE_STANDARD = gnu99;
				GCC_NO_COMMON_BLOCKS = YES;
				GCC_WARN_64_TO_32_BIT_CONVERSION = YES;
				GCC_WARN_ABOUT_RETURN_TYPE = YES_ERROR;
				GCC_WARN_UNDECLARED_SELECTOR = YES;
				GCC_WARN_UNINITIALIZED_AUTOS = YES_AGGRESSIVE;
				GCC_WARN_UNUSED_FUNCTION = YES;
				GCC_WARN_UNUSED_VARIABLE = YES;
				IPHONEOS_DEPLOYMENT_TARGET = 9.3;
				MTL_ENABLE_DEBUG_INFO = NO;
				SDKROOT = iphoneos;
				TARGETED_DEVICE_FAMILY = "1,2";
				VALIDATE_PRODUCT = YES;
			};
			name = Release;
		};
		D91AF48A1DFEAF10001A727A /* Debug */ = {
			isa = XCBuildConfiguration;
			buildSettings = {
				ASSETCATALOG_COMPILER_APPICON_NAME = AppIcon;
				INFOPLIST_FILE = screenescape/Info.plist;
				LD_RUNPATH_SEARCH_PATHS = "$(inherited) @executable_path/Frameworks";
				PRODUCT_BUNDLE_IDENTIFIER = com.douweosinga.screenescape;
				PRODUCT_NAME = "$(TARGET_NAME)";
			};
			name = Debug;
		};
		D91AF48B1DFEAF10001A727A /* Release */ = {
			isa = XCBuildConfiguration;
			buildSettings = {
				ASSETCATALOG_COMPILER_APPICON_NAME = AppIcon;
				INFOPLIST_FILE = screenescape/Info.plist;
				LD_RUNPATH_SEARCH_PATHS = "$(inherited) @executable_path/Frameworks";
				PRODUCT_BUNDLE_IDENTIFIER = com.douweosinga.screenescape;
				PRODUCT_NAME = "$(TARGET_NAME)";
			};
			name = Release;
		};
/* End XCBuildConfiguration section */

/* Begin XCConfigurationList section */
		D91AF4721DFEAF10001A727A /* Build configuration list for PBXProject "screenescape" */ = {
			isa = XCConfigurationList;
			buildConfigurations = (
				D91AF4871DFEAF10001A727A /* Debug */,
				D91AF4881DFEAF10001A727A /* Release */,
			);
			defaultConfigurationIsVisible = 0;
			defaultConfigurationName = Release;
		};
		D91AF4891DFEAF10001A727A /* Build configuration list for PBXNativeTarget "screenescape" */ = {
			isa = XCConfigurationList;
			buildConfigurations = (
				D91AF48A1DFEAF10001A727A /* Debug */,
				D91AF48B1DFEAF10001A727A /* Release */,
			);
			defaultConfigurationIsVisible = 0;
		};
/* End XCConfigurationList section */
	};
	rootObject = D91AF46F1DFEAF10001A727A /* Project object */;
}
